
Microsoft Visual Studio Solution File, Format Version 12.00
# Visual Studio Version 17
VisualStudioVersion = 17.5.002.0
MinimumVisualStudioVersion = 10.0.40219.1
Project("{9A19103F-16F7-4668-BE54-9A1E7A4F7556}") = "experimental_data_compression", "experimental_data_compression.csproj", "{0353D38E-93BB-4465-A69D-7B3F2FEDC39C}"
EndProject
Global
	GlobalSection(SolutionConfigurationPlatforms) = preSolution
		Debug|Any CPU = Debug|Any CPU
		Release|Any CPU = Release|Any CPU
	EndGlobalSection
	GlobalSection(ProjectConfigurationPlatforms) = postSolution
		{0353D38E-93BB-4465-A69D-7B3F2FEDC39C}.Debug|Any CPU.ActiveCfg = Debug|Any CPU
		{0353D38E-93BB-4465-A69D-7B3F2FEDC39C}.Debug|Any CPU.Build.0 = Debug|Any CPU
		{0353D38E-93BB-4465-A69D-7B3F2FEDC39C}.Release|Any CPU.ActiveCfg = Release|Any CPU
		{0353D38E-93BB-4465-A69D-7B3F2FEDC39C}.Release|Any CPU.Build.0 = Release|Any CPU
	EndGlobalSection
	GlobalSection(SolutionProperties) = preSolution
		HideSolutionNode = FALSE
	EndGlobalSection
	GlobalSection(ExtensibilityGlobals) = postSolution
		SolutionGuid = {6B2CD3A2-6567-424B-821B-5EA48A668E47}
	EndGlobalSection
EndGlobal
